// !$*UTF8*$!
{
	archiveVersion = 1;
	classes = {
	};
	objectVersion = 46;
	objects = {

/* Begin PBXBuildFile section */
		4A3CA1CC1D36389700673D0B /* AppDelegate.swift in Sources */ = {isa = PBXBuildFile; fileRef = 4A3CA1CB1D36389700673D0B /* AppDelegate.swift */; };
		4A3CA1CE1D36389800673D0B /* ViewController.swift in Sources */ = {isa = PBXBuildFile; fileRef = 4A3CA1CD1D36389800673D0B /* ViewController.swift */; };
		4A3CA1D11D36389800673D0B /* Main.storyboard in Resources */ = {isa = PBXBuildFile; fileRef = 4A3CA1CF1D36389800673D0B /* Main.storyboard */; };
		4A3CA1D31D36389800673D0B /* Assets.xcassets in Resources */ = {isa = PBXBuildFile; fileRef = 4A3CA1D21D36389800673D0B /* Assets.xcassets */; };
		4A3CA1D61D36389800673D0B /* LaunchScreen.storyboard in Resources */ = {isa = PBXBuildFile; fileRef = 4A3CA1D41D36389800673D0B /* LaunchScreen.storyboard */; };
/* End PBXBuildFile section */

/* Begin PBXFileReference section */
		4A3CA1C81D36389700673D0B /* BlurDemo.app */ = {isa = PBXFileReference; explicitFileType = wrapper.application; includeInIndex = 0; path = BlurDemo.app; sourceTree = BUILT_PRODUCTS_DIR; };
		4A3CA1CB1D36389700673D0B /* AppDelegate.swift */ = {isa = PBXFileReference; lastKnownFileType = sourcecode.swift; path = AppDelegate.swift; sourceTree = "<group>"; };
		4A3CA1CD1D36389800673D0B /* ViewController.swift */ = {isa = PBXFileReference; lastKnownFileType = sourcecode.swift; path = ViewController.swift; sourceTree = "<group>"; };
		4A3CA1D01D36389800673D0B /* Base */ = {isa = PBXFileReference; lastKnownFileType = file.storyboard; name = Base; path = Base.lproj/Main.storyboard; sourceTree = "<group>"; };
		4A3CA1D21D36389800673D0B /* Assets.xcassets */ = {isa = PBXFileReference; lastKnownFileType = folder.assetcatalog; path = Assets.xcassets; sourceTree = "<group>"; };
		4A3CA1D51D36389800673D0B /* Base */ = {isa = PBXFileReference; lastKnownFileType = file.storyboard; name = Base; path = Base.lproj/LaunchScreen.storyboard; sourceTree = "<group>"; };
		4A3CA1D71D36389800673D0B /* Info.plist */ = {isa = PBXFileReference; lastKnownFileType = text.plist.xml; path = Info.plist; sourceTree = "<group>"; };
/* End PBXFileReference section */

/* Begin PBXFrameworksBuildPhase section */
		4A3CA1C51D36389700673D0B /* Frameworks */ = {
			isa = PBXFrameworksBuildPhase;
			buildActionMask = 2147483647;
			files = (
			);
			runOnlyForDeploymentPostprocessing = 0;
		};
/* End PBXFrameworksBuildPhase section */

/* Begin PBXGroup section */
		4A3CA1BF1D36389700673D0B = {
			isa = PBXGroup;
			children = (
				4A3CA1CA1D36389700673D0B /* BlurDemo */,
				4A3CA1C91D36389700673D0B /* Products */,
			);
			sourceTree = "<group>";
		};
		4A3CA1C91D36389700673D0B /* Products */ = {
			isa = PBXGroup;
			children = (
				4A3CA1C81D36389700673D0B /* BlurDemo.app */,
			);
			name = Products;
			sourceTree = "<group>";
		};
		4A3CA1CA1D36389700673D0B /* BlurDemo */ = {
			isa = PBXGroup;
			children = (
				4A3CA1CB1D36389700673D0B /* AppDelegate.swift */,
				4A3CA1CD1D36389800673D0B /* ViewController.swift */,
				4A3CA1CF1D36389800673D0B /* Main.storyboard */,
				4A3CA1D21D36389800673D0B /* Assets.xcassets */,
				4A3CA1D41D36389800673D0B /* LaunchScreen.storyboard */,
				4A3CA1D71D36389800673D0B /* Info.plist */,
			);
			path = BlurDemo;
			sourceTree = "<group>";
		};
/* End PBXGroup section */

/* Begin PBXNativeTarget section */
		4A3CA1C71D36389700673D0B /* BlurDemo */ = {
			isa = PBXNativeTarget;
			buildConfigurationList = 4A3CA1DA1D36389800673D0B /* Build configuration list for PBXNativeTarget "BlurDemo" */;
			buildPhases = (
				4A3CA1C41D36389700673D0B /* Sources */,
				4A3CA1C51D36389700673D0B /* Frameworks */,
				4A3CA1C61D36389700673D0B /* Resources */,
			);
			buildRules = (
			);
			dependencies = (
			);
			name = BlurDemo;
			productName = BlurDemo;
			productReference = 4A3CA1C81D36389700673D0B /* BlurDemo.app */;
			productType = "com.apple.product-type.application";
		};
/* End PBXNativeTarget section */

/* Begin PBXProject section */
		4A3CA1C01D36389700673D0B /* Project object */ = {
			isa = PBXProject;
			attributes = {
				LastSwiftUpdateCheck = 0730;
				LastUpgradeCheck = 0730;
				ORGANIZATIONNAME = CaryZheng;
				TargetAttributes = {
					4A3CA1C71D36389700673D0B = {
						CreatedOnToolsVersion = 7.3.1;
					};
				};
			};
			buildConfigurationList = 4A3CA1C31D36389700673D0B /* Build configuration list for PBXProject "BlurDemo" */;
			compatibilityVersion = "Xcode 3.2";
			developmentRegion = English;
			hasScannedForEncodings = 0;
			knownRegions = (
				en,
				Base,
			);
			mainGroup = 4A3CA1BF1D36389700673D0B;
			productRefGroup = 4A3CA1C91D36389700673D0B /* Products */;
			projectDirPath = "";
			projectRoot = "";
			targets = (
				4A3CA1C71D36389700673D0B /* BlurDemo */,
			);
		};
/* End PBXProject section */

/* Begin PBXResourcesBuildPhase section */
		4A3CA1C61D36389700673D0B /* Resources */ = {
			isa = PBXResourcesBuildPhase;
			buildActionMask = 2147483647;
			files = (
				4A3CA1D61D36389800673D0B /* LaunchScreen.storyboard in Resources */,
				4A3CA1D31D36389800673D0B /* Assets.xcassets in Resources */,
				4A3CA1D11D36389800673D0B /* Main.storyboard in Resources */,
			);
			runOnlyForDeploymentPostprocessing = 0;
		};
/* End PBXResourcesBuildPhase section */

/* Begin PBXSourcesBuildPhase section */
		4A3CA1C41D36389700673D0B /* Sources */ = {
			isa = PBXSourcesBuildPhase;
			buildActionMask = 2147483647;
			files = (
				4A3CA1CE1D36389800673D0B /* ViewController.swift in Sources */,
				4A3CA1CC1D36389700673D0B /* AppDelegate.swift in Sources */,
			);
			runOnlyForDeploymentPostprocessing = 0;
		};
/* End PBXSourcesBuildPhase section */

/* Begin PBXVariantGroup section */
		4A3CA1CF1D36389800673D0B /* Main.storyboard */ = {
			isa = PBXVariantGroup;
			children = (
				4A3CA1D01D36389800673D0B /* Base */,
			);
			name = Main.storyboard;
			sourceTree = "<group>";
		};
		4A3CA1D41D36389800673D0B /* LaunchScreen.storyboard */ = {
			isa = PBXVariantGroup;
			children = (
				4A3CA1D51D36389800673D0B /* Base */,
			);
			name = LaunchScreen.storyboard;
			sourceTree = "<group>";
		};
/* End PBXVariantGroup section */

/* Begin XCBuildConfiguration section */
		4A3CA1D81D36389800673D0B /* Debug */ = {
			isa = XCBuildConfiguration;
			buildSettings = {
				ALWAYS_SEARCH_USER_PATHS = NO;
				CLANG_ANALYZER_NONNULL = YES;
				CLANG_CXX_LANGUAGE_STANDARD = "gnu++0x";
				CLANG_CXX_LIBRARY = "libc++";
				CLANG_ENABLE_MODULES = YES;
				CLANG_ENABLE_OBJC_ARC = YES;
				CLANG_WARN_BOOL_CONVERSION = YES;
				CLANG_WARN_CONSTANT_CONVERSION = YES;
				CLANG_WARN_DIRECT_OBJC_ISA_USAGE = YES_ERROR;
				CLANG_WARN_EMPTY_BODY = YES;
				CLANG_WARN_ENUM_CONVERSION = YES;
				CLANG_WARN_INT_CONVERSION = YES;
				CLANG_WARN_OBJC_ROOT_CLASS = YES_ERROR;
				CLANG_WARN_UNREACHABLE_CODE = YES;
				CLANG_WARN__DUPLICATE_METHOD_MATCH = YES;
				"CODE_SIGN_IDENTITY[sdk=iphoneos*]" = "iPhone Developer";
				COPY_PHASE_STRIP = NO;
				DEBUG_INFORMATION_FORMAT = dwarf;
				ENABLE_STRICT_OBJC_MSGSEND = YES;
				ENABLE_TESTABILITY = YES;
				GCC_C_LANGUAGE_STANDARD = gnu99;
				GCC_DYNAMIC_NO_PIC = NO;
				GCC_NO_COMMON_BLOCKS = YES;
				GCC_OPTIMIZATION_LEVEL = 0;
				GCC_PREPROCESSOR_DEFINITIONS = (
					"DEBUG=1",
					"$(inherited)",
				);
				GCC_WARN_64_TO_32_BIT_CONVERSION = YES;
				GCC_WARN_ABOUT_RETURN_TYPE = YES_ERROR;
				GCC_WARN_UNDECLARED_SELECTOR = YES;
				GCC_WARN_UNINITIALIZED_AUTOS = YES_AGGRESSIVE;
				GCC_WARN_UNUSED_FUNCTION = YES;
				GCC_WARN_UNUSED_VARIABLE = YES;
				IPHONEOS_DEPLOYMENT_TARGET = 9.3;
				MTL_ENABLE_DEBUG_INFO = YES;
				ONLY_ACTIVE_ARCH = YES;
				SDKROOT = iphoneos;
				SWIFT_OPTIMIZATION_LEVEL = "-Onone";
			};
			name = Debug;
		};
		4A3CA1D91D36389800673D0B /* Release */ = {
			isa = XCBuildConfiguration;
			buildSettings = {
				ALWAYS_SEARCH_USER_PATHS = NO;
				CLANG_ANALYZER_NONNULL = YES;
				CLANG_CXX_LANGUAGE_STANDARD = "gnu++0x";
				CLANG_CXX_LIBRARY = "libc++";
				CLANG_ENABLE_MODULES = YES;
				CLANG_ENABLE_OBJC_ARC = YES;
				CLANG_WARN_BOOL_CONVERSION = YES;
				CLANG_WARN_CONSTANT_CONVERSION = YES;
				CLANG_WARN_DIRECT_OBJC_ISA_USAGE = YES_ERROR;
				CLANG_WARN_EMPTY_BODY = YES;
				CLANG_WARN_ENUM_CONVERSION = YES;
				CLANG_WARN_INT_CONVERSION = YES;
				CLANG_WARN_OBJC_ROOT_CLASS = YES_ERROR;
				CLANG_WARN_UNREACHABLE_CODE = YES;
				CLANG_WARN__DUPLICATE_METHOD_MATCH = YES;
				"CODE_SIGN_IDENTITY[sdk=iphoneos*]" = "iPhone Developer";
				COPY_PHASE_STRIP = NO;
				DEBUG_INFORMATION_FORMAT = "dwarf-with-dsym";
				ENABLE_NS_ASSERTIONS = NO;
				ENABLE_STRICT_OBJC_MSGSEND = YES;
				GCC_C_LANGUAGE_STANDARD = gnu99;
				GCC_NO_COMMON_BLOCKS = YES;
				GCC_WARN_64_TO_32_BIT_CONVERSION = YES;
				GCC_WARN_ABOUT_RETURN_TYPE = YES_ERROR;
				GCC_WARN_UNDECLARED_SELECTOR = YES;
				GCC_WARN_UNINITIALIZED_AUTOS = YES_AGGRESSIVE;
				GCC_WARN_UNUSED_FUNCTION = YES;
				GCC_WARN_UNUSED_VARIABLE = YES;
				IPHONEOS_DEPLOYMENT_TARGET = 9.3;
				MTL_ENABLE_DEBUG_INFO = NO;
				SDKROOT = iphoneos;
				VALIDATE_PRODUCT = YES;
			};
			name = Release;
		};
		4A3CA1DB1D36389800673D0B /* Debug */ = {
			isa = XCBuildConfiguration;
			buildSettings = {
				ASSETCATALOG_COMPILER_APPICON_NAME = AppIcon;
				INFOPLIST_FILE = BlurDemo/Info.plist;
				LD_RUNPATH_SEARCH_PATHS = "$(inherited) @executable_path/Frameworks";
				PRODUCT_BUNDLE_IDENTIFIER = com.zzb.BlurDemo;
				PRODUCT_NAME = "$(TARGET_NAME)";
			};
			name = Debug;
		};
		4A3CA1DC1D36389800673D0B /* Release */ = {
			isa = XCBuildConfiguration;
			buildSettings = {
				ASSETCATALOG_COMPILER_APPICON_NAME = AppIcon;
				INFOPLIST_FILE = BlurDemo/Info.plist;
				LD_RUNPATH_SEARCH_PATHS = "$(inherited) @executable_path/Frameworks";
				PRODUCT_BUNDLE_IDENTIFIER = com.zzb.BlurDemo;
				PRODUCT_NAME = "$(TARGET_NAME)";
			};
			name = Release;
		};
/* End XCBuildConfiguration section */

/* Begin XCConfigurationList section */
		4A3CA1C31D36389700673D0B /* Build configuration list for PBXProject "BlurDemo" */ = {
			isa = XCConfigurationList;
			buildConfigurations = (
				4A3CA1D81D36389800673D0B /* Debug */,
				4A3CA1D91D36389800673D0B /* Release */,
			);
			defaultConfigurationIsVisible = 0;
			defaultConfigurationName = Release;
		};
		4A3CA1DA1D36389800673D0B /* Build configuration list for PBXNativeTarget "BlurDemo" */ = {
			isa = XCConfigurationList;
			buildConfigurations = (
				4A3CA1DB1D36389800673D0B /* Debug */,
				4A3CA1DC1D36389800673D0B /* Release */,
			);
			defaultConfigurationIsVisible = 0;
		};
/* End XCConfigurationList section */
	};
	rootObject = 4A3CA1C01D36389700673D0B /* Project object */;
}
